// !$*UTF8*$!
{
	archiveVersion = 1;
	classes = {
	};
	objectVersion = 46;
	objects = {

/* Begin PBXBuildFile section */
		1C5452121BAB2033009D11A9 /* USStatesTableViewController.swift in Sources */ = {isa = PBXBuildFile; fileRef = 1C5452111BAB2033009D11A9 /* USStatesTableViewController.swift */; settings = {ASSET_TAGS = (); }; };
		1C5452141BAB6281009D11A9 /* states.json in Resources */ = {isa = PBXBuildFile; fileRef = 1C5452131BAB6281009D11A9 /* states.json */; settings = {ASSET_TAGS = (); }; };
		1C5D09B81BAB16E70004B15C /* AppDelegate.swift in Sources */ = {isa = PBXBuildFile; fileRef = 1C5D09B71BAB16E70004B15C /* AppDelegate.swift */; };
		1C5D09BA1BAB16E70004B15C /* ViewController.swift in Sources */ = {isa = PBXBuildFile; fileRef = 1C5D09B91BAB16E70004B15C /* ViewController.swift */; };
		1C5D09BD1BAB16E70004B15C /* Main.storyboard in Resources */ = {isa = PBXBuildFile; fileRef = 1C5D09BB1BAB16E70004B15C /* Main.storyboard */; };
		1C5D09BF1BAB16E70004B15C /* Assets.xcassets in Resources */ = {isa = PBXBuildFile; fileRef = 1C5D09BE1BAB16E70004B15C /* Assets.xcassets */; };
		1C5D09C21BAB16E70004B15C /* LaunchScreen.storyboard in Resources */ = {isa = PBXBuildFile; fileRef = 1C5D09C01BAB16E70004B15C /* LaunchScreen.storyboard */; };
		1C5D09CD1BAB16E70004B15C /* MWIA1_weaver_aaronTests.swift in Sources */ = {isa = PBXBuildFile; fileRef = 1C5D09CC1BAB16E70004B15C /* MWIA1_weaver_aaronTests.swift */; };
		1C5D09D81BAB16E70004B15C /* MWIA1_weaver_aaronUITests.swift in Sources */ = {isa = PBXBuildFile; fileRef = 1C5D09D71BAB16E70004B15C /* MWIA1_weaver_aaronUITests.swift */; };
		1C60DB311BADC89B00D2E2C9 /* StatesActions.swift in Sources */ = {isa = PBXBuildFile; fileRef = 1C60DB301BADC89B00D2E2C9 /* StatesActions.swift */; settings = {ASSET_TAGS = (); }; };
		1C6272961BB1B18A0020F9C8 /* StateInformationCell.swift in Sources */ = {isa = PBXBuildFile; fileRef = 1C6272951BB1B18A0020F9C8 /* StateInformationCell.swift */; settings = {ASSET_TAGS = (); }; };
		1C6272981BB1B1AD0020F9C8 /* SectionHeaderCell.swift in Sources */ = {isa = PBXBuildFile; fileRef = 1C6272971BB1B1AD0020F9C8 /* SectionHeaderCell.swift */; settings = {ASSET_TAGS = (); }; };
		1C62729B1BB1B2900020F9C8 /* StateInformationCell.xib in Resources */ = {isa = PBXBuildFile; fileRef = 1C62729A1BB1B2900020F9C8 /* StateInformationCell.xib */; settings = {ASSET_TAGS = (); }; };
		1C62729D1BB1B42A0020F9C8 /* SectionHeaderCell.xib in Resources */ = {isa = PBXBuildFile; fileRef = 1C62729C1BB1B42A0020F9C8 /* SectionHeaderCell.xib */; settings = {ASSET_TAGS = (); }; };
		1C62729F1BB1B7BE0020F9C8 /* StateInformation.swift in Sources */ = {isa = PBXBuildFile; fileRef = 1C62729E1BB1B7BE0020F9C8 /* StateInformation.swift */; settings = {ASSET_TAGS = (); }; };
/* End PBXBuildFile section */

/* Begin PBXContainerItemProxy section */
		1C5D09C91BAB16E70004B15C /* PBXContainerItemProxy */ = {
			isa = PBXContainerItemProxy;
			containerPortal = 1C5D09AC1BAB16E70004B15C /* Project object */;
			proxyType = 1;
			remoteGlobalIDString = 1C5D09B31BAB16E70004B15C;
			remoteInfo = MWIA1_weaver_aaron;
		};
		1C5D09D41BAB16E70004B15C /* PBXContainerItemProxy */ = {
			isa = PBXContainerItemProxy;
			containerPortal = 1C5D09AC1BAB16E70004B15C /* Project object */;
			proxyType = 1;
			remoteGlobalIDString = 1C5D09B31BAB16E70004B15C;
			remoteInfo = MWIA1_weaver_aaron;
		};
/* End PBXContainerItemProxy section */

/* Begin PBXFileReference section */
		1C5452111BAB2033009D11A9 /* USStatesTableViewController.swift */ = {isa = PBXFileReference; fileEncoding = 4; lastKnownFileType = sourcecode.swift; path = USStatesTableViewController.swift; sourceTree = "<group>"; };
		1C5452131BAB6281009D11A9 /* states.json */ = {isa = PBXFileReference; fileEncoding = 4; lastKnownFileType = text.json; path = states.json; sourceTree = "<group>"; };
		1C5D09B41BAB16E70004B15C /* MWIA1_weaver_aaron.app */ = {isa = PBXFileReference; explicitFileType = wrapper.application; includeInIndex = 0; path = MWIA1_weaver_aaron.app; sourceTree = BUILT_PRODUCTS_DIR; };
		1C5D09B71BAB16E70004B15C /* AppDelegate.swift */ = {isa = PBXFileReference; lastKnownFileType = sourcecode.swift; path = AppDelegate.swift; sourceTree = "<group>"; };
		1C5D09B91BAB16E70004B15C /* ViewController.swift */ = {isa = PBXFileReference; lastKnownFileType = sourcecode.swift; path = ViewController.swift; sourceTree = "<group>"; };
		1C5D09BC1BAB16E70004B15C /* Base */ = {isa = PBXFileReference; lastKnownFileType = file.storyboard; name = Base; path = Base.lproj/Main.storyboard; sourceTree = "<group>"; };
		1C5D09BE1BAB16E70004B15C /* Assets.xcassets */ = {isa = PBXFileReference; lastKnownFileType = folder.assetcatalog; path = Assets.xcassets; sourceTree = "<group>"; };
		1C5D09C11BAB16E70004B15C /* Base */ = {isa = PBXFileReference; lastKnownFileType = file.storyboard; name = Base; path = Base.lproj/LaunchScreen.storyboard; sourceTree = "<group>"; };
		1C5D09C31BAB16E70004B15C /* Info.plist */ = {isa = PBXFileReference; lastKnownFileType = text.plist.xml; path = Info.plist; sourceTree = "<group>"; };
		1C5D09C81BAB16E70004B15C /* MWIA1_weaver_aaronTests.xctest */ = {isa = PBXFileReference; explicitFileType = wrapper.cfbundle; includeInIndex = 0; path = MWIA1_weaver_aaronTests.xctest; sourceTree = BUILT_PRODUCTS_DIR; };
		1C5D09CC1BAB16E70004B15C /* MWIA1_weaver_aaronTests.swift */ = {isa = PBXFileReference; lastKnownFileType = sourcecode.swift; path = MWIA1_weaver_aaronTests.swift; sourceTree = "<group>"; };
		1C5D09CE1BAB16E70004B15C /* Info.plist */ = {isa = PBXFileReference; lastKnownFileType = text.plist.xml; path = Info.plist; sourceTree = "<group>"; };
		1C5D09D31BAB16E70004B15C /* MWIA1_weaver_aaronUITests.xctest */ = {isa = PBXFileReference; explicitFileType = wrapper.cfbundle; includeInIndex = 0; path = MWIA1_weaver_aaronUITests.xctest; sourceTree = BUILT_PRODUCTS_DIR; };
		1C5D09D71BAB16E70004B15C /* MWIA1_weaver_aaronUITests.swift */ = {isa = PBXFileReference; lastKnownFileType = sourcecode.swift; path = MWIA1_weaver_aaronUITests.swift; sourceTree = "<group>"; };
		1C5D09D91BAB16E70004B15C /* Info.plist */ = {isa = PBXFileReference; lastKnownFileType = text.plist.xml; path = Info.plist; sourceTree = "<group>"; };
		1C60DB301BADC89B00D2E2C9 /* StatesActions.swift */ = {isa = PBXFileReference; fileEncoding = 4; lastKnownFileType = sourcecode.swift; path = StatesActions.swift; sourceTree = "<group>"; };
		1C6272951BB1B18A0020F9C8 /* StateInformationCell.swift */ = {isa = PBXFileReference; fileEncoding = 4; lastKnownFileType = sourcecode.swift; path = StateInformationCell.swift; sourceTree = "<group>"; };
		1C6272971BB1B1AD0020F9C8 /* SectionHeaderCell.swift */ = {isa = PBXFileReference; fileEncoding = 4; lastKnownFileType = sourcecode.swift; path = SectionHeaderCell.swift; sourceTree = "<group>"; };
		1C62729A1BB1B2900020F9C8 /* StateInformationCell.xib */ = {isa = PBXFileReference; fileEncoding = 4; lastKnownFileType = file.xib; path = StateInformationCell.xib; sourceTree = "<group>"; };
		1C62729C1BB1B42A0020F9C8 /* SectionHeaderCell.xib */ = {isa = PBXFileReference; fileEncoding = 4; lastKnownFileType = file.xib; path = SectionHeaderCell.xib; sourceTree = "<group>"; };
		1C62729E1BB1B7BE0020F9C8 /* StateInformation.swift */ = {isa = PBXFileReference; fileEncoding = 4; lastKnownFileType = sourcecode.swift; path = StateInformation.swift; sourceTree = "<group>"; };
/* End PBXFileReference section */

/* Begin PBXFrameworksBuildPhase section */
		1C5D09B11BAB16E70004B15C /* Frameworks */ = {
			isa = PBXFrameworksBuildPhase;
			buildActionMask = 2147483647;
			files = (
			);
			runOnlyForDeploymentPostprocessing = 0;
		};
		1C5D09C51BAB16E70004B15C /* Frameworks */ = {
			isa = PBXFrameworksBuildPhase;
			buildActionMask = 2147483647;
			files = (
			);
			runOnlyForDeploymentPostprocessing = 0;
		};
		1C5D09D01BAB16E70004B15C /* Frameworks */ = {
			isa = PBXFrameworksBuildPhase;
			buildActionMask = 2147483647;
			files = (
			);
			runOnlyForDeploymentPostprocessing = 0;
		};
/* End PBXFrameworksBuildPhase section */

/* Begin PBXGroup section */
		1C5452151BAB6286009D11A9 /* Res */ = {
			isa = PBXGroup;
			children = (
				1C62729A1BB1B2900020F9C8 /* StateInformationCell.xib */,
				1C62729C1BB1B42A0020F9C8 /* SectionHeaderCell.xib */,
				1C5452131BAB6281009D11A9 /* states.json */,
			);
			name = Res;
			sourceTree = "<group>";
		};
		1C5D09AB1BAB16E70004B15C = {
			isa = PBXGroup;
			children = (
				1C5D09B61BAB16E70004B15C /* MWIA1_weaver_aaron */,
				1C5D09CB1BAB16E70004B15C /* MWIA1_weaver_aaronTests */,
				1C5D09D61BAB16E70004B15C /* MWIA1_weaver_aaronUITests */,
				1C5D09B51BAB16E70004B15C /* Products */,
			);
			sourceTree = "<group>";
		};
		1C5D09B51BAB16E70004B15C /* Products */ = {
			isa = PBXGroup;
			children = (
				1C5D09B41BAB16E70004B15C /* MWIA1_weaver_aaron.app */,
				1C5D09C81BAB16E70004B15C /* MWIA1_weaver_aaronTests.xctest */,
				1C5D09D31BAB16E70004B15C /* MWIA1_weaver_aaronUITests.xctest */,
			);
			name = Products;
			sourceTree = "<group>";
		};
		1C5D09B61BAB16E70004B15C /* MWIA1_weaver_aaron */ = {
			isa = PBXGroup;
			children = (
				1C6272901BB1B0D90020F9C8 /* Cells */,
				1C60DB2F1BADC87B00D2E2C9 /* Data */,
				1C5452151BAB6286009D11A9 /* Res */,
				1C5D09B71BAB16E70004B15C /* AppDelegate.swift */,
				1C5D09B91BAB16E70004B15C /* ViewController.swift */,
				1C5D09BB1BAB16E70004B15C /* Main.storyboard */,
				1C5D09BE1BAB16E70004B15C /* Assets.xcassets */,
				1C5D09C01BAB16E70004B15C /* LaunchScreen.storyboard */,
				1C5D09C31BAB16E70004B15C /* Info.plist */,
				1C5452111BAB2033009D11A9 /* USStatesTableViewController.swift */,
			);
			path = MWIA1_weaver_aaron;
			sourceTree = "<group>";
		};
		1C5D09CB1BAB16E70004B15C /* MWIA1_weaver_aaronTests */ = {
			isa = PBXGroup;
			children = (
				1C5D09CC1BAB16E70004B15C /* MWIA1_weaver_aaronTests.swift */,
				1C5D09CE1BAB16E70004B15C /* Info.plist */,
			);
			path = MWIA1_weaver_aaronTests;
			sourceTree = "<group>";
		};
		1C5D09D61BAB16E70004B15C /* MWIA1_weaver_aaronUITests */ = {
			isa = PBXGroup;
			children = (
				1C5D09D71BAB16E70004B15C /* MWIA1_weaver_aaronUITests.swift */,
				1C5D09D91BAB16E70004B15C /* Info.plist */,
			);
			path = MWIA1_weaver_aaronUITests;
			sourceTree = "<group>";
		};
		1C60DB2F1BADC87B00D2E2C9 /* Data */ = {
			isa = PBXGroup;
			children = (
				1C60DB301BADC89B00D2E2C9 /* StatesActions.swift */,
				1C62729E1BB1B7BE0020F9C8 /* StateInformation.swift */,
			);
			name = Data;
			sourceTree = "<group>";
		};
		1C6272901BB1B0D90020F9C8 /* Cells */ = {
			isa = PBXGroup;
			children = (
				1C6272951BB1B18A0020F9C8 /* StateInformationCell.swift */,
				1C6272971BB1B1AD0020F9C8 /* SectionHeaderCell.swift */,
			);
			name = Cells;
			sourceTree = "<group>";
		};
/* End PBXGroup section */

/* Begin PBXNativeTarget section */
		1C5D09B31BAB16E70004B15C /* MWIA1_weaver_aaron */ = {
			isa = PBXNativeTarget;
			buildConfigurationList = 1C5D09DC1BAB16E70004B15C /* Build configuration list for PBXNativeTarget "MWIA1_weaver_aaron" */;
			buildPhases = (
				1C5D09B01BAB16E70004B15C /* Sources */,
				1C5D09B11BAB16E70004B15C /* Frameworks */,
				1C5D09B21BAB16E70004B15C /* Resources */,
			);
			buildRules = (
			);
			dependencies = (
			);
			name = MWIA1_weaver_aaron;
			productName = MWIA1_weaver_aaron;
			productReference = 1C5D09B41BAB16E70004B15C /* MWIA1_weaver_aaron.app */;
			productType = "com.apple.product-type.application";
		};
		1C5D09C71BAB16E70004B15C /* MWIA1_weaver_aaronTests */ = {
			isa = PBXNativeTarget;
			buildConfigurationList = 1C5D09DF1BAB16E70004B15C /* Build configuration list for PBXNativeTarget "MWIA1_weaver_aaronTests" */;
			buildPhases = (
				1C5D09C41BAB16E70004B15C /* Sources */,
				1C5D09C51BAB16E70004B15C /* Frameworks */,
				1C5D09C61BAB16E70004B15C /* Resources */,
			);
			buildRules = (
			);
			dependencies = (
				1C5D09CA1BAB16E70004B15C /* PBXTargetDependency */,
			);
			name = MWIA1_weaver_aaronTests;
			productName = MWIA1_weaver_aaronTests;
			productReference = 1C5D09C81BAB16E70004B15C /* MWIA1_weaver_aaronTests.xctest */;
			productType = "com.apple.product-type.bundle.unit-test";
		};
		1C5D09D21BAB16E70004B15C /* MWIA1_weaver_aaronUITests */ = {
			isa = PBXNativeTarget;
			buildConfigurationList = 1C5D09E21BAB16E70004B15C /* Build configuration list for PBXNativeTarget "MWIA1_weaver_aaronUITests" */;
			buildPhases = (
				1C5D09CF1BAB16E70004B15C /* Sources */,
				1C5D09D01BAB16E70004B15C /* Frameworks */,
				1C5D09D11BAB16E70004B15C /* Resources */,
			);
			buildRules = (
			);
			dependencies = (
				1C5D09D51BAB16E70004B15C /* PBXTargetDependency */,
			);
			name = MWIA1_weaver_aaronUITests;
			productName = MWIA1_weaver_aaronUITests;
			productReference = 1C5D09D31BAB16E70004B15C /* MWIA1_weaver_aaronUITests.xctest */;
			productType = "com.apple.product-type.bundle.ui-testing";
		};
/* End PBXNativeTarget section */

/* Begin PBXProject section */
		1C5D09AC1BAB16E70004B15C /* Project object */ = {
			isa = PBXProject;
			attributes = {
				LastUpgradeCheck = 0700;
				ORGANIZATIONNAME = "App Weava";
				TargetAttributes = {
					1C5D09B31BAB16E70004B15C = {
						CreatedOnToolsVersion = 7.0;
						DevelopmentTeam = 6AF8M48F29;
					};
					1C5D09C71BAB16E70004B15C = {
						CreatedOnToolsVersion = 7.0;
						DevelopmentTeam = 6AF8M48F29;
						TestTargetID = 1C5D09B31BAB16E70004B15C;
					};
					1C5D09D21BAB16E70004B15C = {
						CreatedOnToolsVersion = 7.0;
						DevelopmentTeam = 6AF8M48F29;
						TestTargetID = 1C5D09B31BAB16E70004B15C;
					};
				};
			};
			buildConfigurationList = 1C5D09AF1BAB16E70004B15C /* Build configuration list for PBXProject "MWIA1_weaver_aaron" */;
			compatibilityVersion = "Xcode 3.2";
			developmentRegion = English;
			hasScannedForEncodings = 0;
			knownRegions = (
				en,
				Base,
			);
			mainGroup = 1C5D09AB1BAB16E70004B15C;
			productRefGroup = 1C5D09B51BAB16E70004B15C /* Products */;
			projectDirPath = "";
			projectRoot = "";
			targets = (
				1C5D09B31BAB16E70004B15C /* MWIA1_weaver_aaron */,
				1C5D09C71BAB16E70004B15C /* MWIA1_weaver_aaronTests */,
				1C5D09D21BAB16E70004B15C /* MWIA1_weaver_aaronUITests */,
			);
		};
/* End PBXProject section */

/* Begin PBXResourcesBuildPhase section */
		1C5D09B21BAB16E70004B15C /* Resources */ = {
			isa = PBXResourcesBuildPhase;
			buildActionMask = 2147483647;
			files = (
				1C62729D1BB1B42A0020F9C8 /* SectionHeaderCell.xib in Resources */,
				1C5D09C21BAB16E70004B15C /* LaunchScreen.storyboard in Resources */,
				1C62729B1BB1B2900020F9C8 /* StateInformationCell.xib in Resources */,
				1C5D09BF1BAB16E70004B15C /* Assets.xcassets in Resources */,
				1C5D09BD1BAB16E70004B15C /* Main.storyboard in Resources */,
				1C5452141BAB6281009D11A9 /* states.json in Resources */,
			);
			runOnlyForDeploymentPostprocessing = 0;
		};
		1C5D09C61BAB16E70004B15C /* Resources */ = {
			isa = PBXResourcesBuildPhase;
			buildActionMask = 2147483647;
			files = (
			);
			runOnlyForDeploymentPostprocessing = 0;
		};
		1C5D09D11BAB16E70004B15C /* Resources */ = {
			isa = PBXResourcesBuildPhase;
			buildActionMask = 2147483647;
			files = (
			);
			runOnlyForDeploymentPostprocessing = 0;
		};
/* End PBXResourcesBuildPhase section */

/* Begin PBXSourcesBuildPhase section */
		1C5D09B01BAB16E70004B15C /* Sources */ = {
			isa = PBXSourcesBuildPhase;
			buildActionMask = 2147483647;
			files = (
				1C6272981BB1B1AD0020F9C8 /* SectionHeaderCell.swift in Sources */,
				1C6272961BB1B18A0020F9C8 /* StateInformationCell.swift in Sources */,
				1C60DB311BADC89B00D2E2C9 /* StatesActions.swift in Sources */,
				1C5D09BA1BAB16E70004B15C /* ViewController.swift in Sources */,
				1C5452121BAB2033009D11A9 /* USStatesTableViewController.swift in Sources */,
				1C5D09B81BAB16E70004B15C /* AppDelegate.swift in Sources */,
				1C62729F1BB1B7BE0020F9C8 /* StateInformation.swift in Sources */,
			);
			runOnlyForDeploymentPostprocessing = 0;
		};
		1C5D09C41BAB16E70004B15C /* Sources */ = {
			isa = PBXSourcesBuildPhase;
			buildActionMask = 2147483647;
			files = (
				1C5D09CD1BAB16E70004B15C /* MWIA1_weaver_aaronTests.swift in Sources */,
			);
			runOnlyForDeploymentPostprocessing = 0;
		};
		1C5D09CF1BAB16E70004B15C /* Sources */ = {
			isa = PBXSourcesBuildPhase;
			buildActionMask = 2147483647;
			files = (
				1C5D09D81BAB16E70004B15C /* MWIA1_weaver_aaronUITests.swift in Sources */,
			);
			runOnlyForDeploymentPostprocessing = 0;
		};
/* End PBXSourcesBuildPhase section */

/* Begin PBXTargetDependency section */
		1C5D09CA1BAB16E70004B15C /* PBXTargetDependency */ = {
			isa = PBXTargetDependency;
			target = 1C5D09B31BAB16E70004B15C /* MWIA1_weaver_aaron */;
			targetProxy = 1C5D09C91BAB16E70004B15C /* PBXContainerItemProxy */;
		};
		1C5D09D51BAB16E70004B15C /* PBXTargetDependency */ = {
			isa = PBXTargetDependency;
			target = 1C5D09B31BAB16E70004B15C /* MWIA1_weaver_aaron */;
			targetProxy = 1C5D09D41BAB16E70004B15C /* PBXContainerItemProxy */;
		};
/* End PBXTargetDependency section */

/* Begin PBXVariantGroup section */
		1C5D09BB1BAB16E70004B15C /* Main.storyboard */ = {
			isa = PBXVariantGroup;
			children = (
				1C5D09BC1BAB16E70004B15C /* Base */,
			);
			name = Main.storyboard;
			sourceTree = "<group>";
		};
		1C5D09C01BAB16E70004B15C /* LaunchScreen.storyboard */ = {
			isa = PBXVariantGroup;
			children = (
				1C5D09C11BAB16E70004B15C /* Base */,
			);
			name = LaunchScreen.storyboard;
			sourceTree = "<group>";
		};
/* End PBXVariantGroup section */

/* Begin XCBuildConfiguration section */
		1C5D09DA1BAB16E70004B15C /* Debug */ = {
			isa = XCBuildConfiguration;
			buildSettings = {
				ALWAYS_SEARCH_USER_PATHS = NO;
				CLANG_CXX_LANGUAGE_STANDARD = "gnu++0x";
				CLANG_CXX_LIBRARY = "libc++";
				CLANG_ENABLE_MODULES = YES;
				CLANG_ENABLE_OBJC_ARC = YES;
				CLANG_WARN_BOOL_CONVERSION = YES;
				CLANG_WARN_CONSTANT_CONVERSION = YES;
				CLANG_WARN_DIRECT_OBJC_ISA_USAGE = YES_ERROR;
				CLANG_WARN_EMPTY_BODY = YES;
				CLANG_WARN_ENUM_CONVERSION = YES;
				CLANG_WARN_INT_CONVERSION = YES;
				CLANG_WARN_OBJC_ROOT_CLASS = YES_ERROR;
				CLANG_WARN_UNREACHABLE_CODE = YES;
				CLANG_WARN__DUPLICATE_METHOD_MATCH = YES;
				"CODE_SIGN_IDENTITY[sdk=iphoneos*]" = "iPhone Developer";
				COPY_PHASE_STRIP = NO;
				DEBUG_INFORMATION_FORMAT = dwarf;
				ENABLE_STRICT_OBJC_MSGSEND = YES;
				ENABLE_TESTABILITY = YES;
				GCC_C_LANGUAGE_STANDARD = gnu99;
				GCC_DYNAMIC_NO_PIC = NO;
				GCC_NO_COMMON_BLOCKS = YES;
				GCC_OPTIMIZATION_LEVEL = 0;
				GCC_PREPROCESSOR_DEFINITIONS = (
					"DEBUG=1",
					"$(inherited)",
				);
				GCC_WARN_64_TO_32_BIT_CONVERSION = YES;
				GCC_WARN_ABOUT_RETURN_TYPE = YES_ERROR;
				GCC_WARN_UNDECLARED_SELECTOR = YES;
				GCC_WARN_UNINITIALIZED_AUTOS = YES_AGGRESSIVE;
				GCC_WARN_UNUSED_FUNCTION = YES;
				GCC_WARN_UNUSED_VARIABLE = YES;
				IPHONEOS_DEPLOYMENT_TARGET = 9.0;
				MTL_ENABLE_DEBUG_INFO = YES;
				ONLY_ACTIVE_ARCH = YES;
				SDKROOT = iphoneos;
				SWIFT_OPTIMIZATION_LEVEL = "-Onone";
			};
			name = Debug;
		};
		1C5D09DB1BAB16E70004B15C /* Release */ = {
			isa = XCBuildConfiguration;
			buildSettings = {
				ALWAYS_SEARCH_USER_PATHS = NO;
				CLANG_CXX_LANGUAGE_STANDARD = "gnu++0x";
				CLANG_CXX_LIBRARY = "libc++";
				CLANG_ENABLE_MODULES = YES;
				CLANG_ENABLE_OBJC_ARC = YES;
				CLANG_WARN_BOOL_CONVERSION = YES;
				CLANG_WARN_CONSTANT_CONVERSION = YES;
				CLANG_WARN_DIRECT_OBJC_ISA_USAGE = YES_ERROR;
				CLANG_WARN_EMPTY_BODY = YES;
				CLANG_WARN_ENUM_CONVERSION = YES;
				CLANG_WARN_INT_CONVERSION = YES;
				CLANG_WARN_OBJC_ROOT_CLASS = YES_ERROR;
				CLANG_WARN_UNREACHABLE_CODE = YES;
				CLANG_WARN__DUPLICATE_METHOD_MATCH = YES;
				"CODE_SIGN_IDENTITY[sdk=iphoneos*]" = "iPhone Developer";
				COPY_PHASE_STRIP = NO;
				DEBUG_INFORMATION_FORMAT = "dwarf-with-dsym";
				ENABLE_NS_ASSERTIONS = NO;
				ENABLE_STRICT_OBJC_MSGSEND = YES;
				GCC_C_LANGUAGE_STANDARD = gnu99;
				GCC_NO_COMMON_BLOCKS = YES;
				GCC_WARN_64_TO_32_BIT_CONVERSION = YES;
				GCC_WARN_ABOUT_RETURN_TYPE = YES_ERROR;
				GCC_WARN_UNDECLARED_SELECTOR = YES;
				GCC_WARN_UNINITIALIZED_AUTOS = YES_AGGRESSIVE;
				GCC_WARN_UNUSED_FUNCTION = YES;
				GCC_WARN_UNUSED_VARIABLE = YES;
				IPHONEOS_DEPLOYMENT_TARGET = 9.0;
				MTL_ENABLE_DEBUG_INFO = NO;
				SDKROOT = iphoneos;
				VALIDATE_PRODUCT = YES;
			};
			name = Release;
		};
		1C5D09DD1BAB16E70004B15C /* Debug */ = {
			isa = XCBuildConfiguration;
			buildSettings = {
				ASSETCATALOG_COMPILER_APPICON_NAME = AppIcon;
				INFOPLIST_FILE = MWIA1_weaver_aaron/Info.plist;
				LD_RUNPATH_SEARCH_PATHS = "$(inherited) @executable_path/Frameworks";
				PRODUCT_BUNDLE_IDENTIFIER = "com.appweava.MWIA1-weaver-aaron";
				PRODUCT_NAME = "$(TARGET_NAME)";
			};
			name = Debug;
		};
		1C5D09DE1BAB16E70004B15C /* Release */ = {
			isa = XCBuildConfiguration;
			buildSettings = {
				ASSETCATALOG_COMPILER_APPICON_NAME = AppIcon;
				INFOPLIST_FILE = MWIA1_weaver_aaron/Info.plist;
				LD_RUNPATH_SEARCH_PATHS = "$(inherited) @executable_path/Frameworks";
				PRODUCT_BUNDLE_IDENTIFIER = "com.appweava.MWIA1-weaver-aaron";
				PRODUCT_NAME = "$(TARGET_NAME)";
			};
			name = Release;
		};
		1C5D09E01BAB16E70004B15C /* Debug */ = {
			isa = XCBuildConfiguration;
			buildSettings = {
				BUNDLE_LOADER = "$(TEST_HOST)";
				INFOPLIST_FILE = MWIA1_weaver_aaronTests/Info.plist;
				LD_RUNPATH_SEARCH_PATHS = "$(inherited) @executable_path/Frameworks @loader_path/Frameworks";
				PRODUCT_BUNDLE_IDENTIFIER = "com.appweava.MWIA1-weaver-aaronTests";
				PRODUCT_NAME = "$(TARGET_NAME)";
				TEST_HOST = "$(BUILT_PRODUCTS_DIR)/MWIA1_weaver_aaron.app/MWIA1_weaver_aaron";
			};
			name = Debug;
		};
		1C5D09E11BAB16E70004B15C /* Release */ = {
			isa = XCBuildConfiguration;
			buildSettings = {
				BUNDLE_LOADER = "$(TEST_HOST)";
				INFOPLIST_FILE = MWIA1_weaver_aaronTests/Info.plist;
				LD_RUNPATH_SEARCH_PATHS = "$(inherited) @executable_path/Frameworks @loader_path/Frameworks";
				PRODUCT_BUNDLE_IDENTIFIER = "com.appweava.MWIA1-weaver-aaronTests";
				PRODUCT_NAME = "$(TARGET_NAME)";
				TEST_HOST = "$(BUILT_PRODUCTS_DIR)/MWIA1_weaver_aaron.app/MWIA1_weaver_aaron";
			};
			name = Release;
		};
		1C5D09E31BAB16E70004B15C /* Debug */ = {
			isa = XCBuildConfiguration;
			buildSettings = {
				INFOPLIST_FILE = MWIA1_weaver_aaronUITests/Info.plist;
				LD_RUNPATH_SEARCH_PATHS = "$(inherited) @executable_path/Frameworks @loader_path/Frameworks";
				PRODUCT_BUNDLE_IDENTIFIER = "com.appweava.MWIA1-weaver-aaronUITests";
				PRODUCT_NAME = "$(TARGET_NAME)";
				TEST_TARGET_NAME = MWIA1_weaver_aaron;
				USES_XCTRUNNER = YES;
			};
			name = Debug;
		};
		1C5D09E41BAB16E70004B15C /* Release */ = {
			isa = XCBuildConfiguration;
			buildSettings = {
				INFOPLIST_FILE = MWIA1_weaver_aaronUITests/Info.plist;
				LD_RUNPATH_SEARCH_PATHS = "$(inherited) @executable_path/Frameworks @loader_path/Frameworks";
				PRODUCT_BUNDLE_IDENTIFIER = "com.appweava.MWIA1-weaver-aaronUITests";
				PRODUCT_NAME = "$(TARGET_NAME)";
				TEST_TARGET_NAME = MWIA1_weaver_aaron;
				USES_XCTRUNNER = YES;
			};
			name = Release;
		};
/* End XCBuildConfiguration section */

/* Begin XCConfigurationList section */
		1C5D09AF1BAB16E70004B15C /* Build configuration list for PBXProject "MWIA1_weaver_aaron" */ = {
			isa = XCConfigurationList;
			buildConfigurations = (
				1C5D09DA1BAB16E70004B15C /* Debug */,
				1C5D09DB1BAB16E70004B15C /* Release */,
			);
			defaultConfigurationIsVisible = 0;
			defaultConfigurationName = Release;
		};
		1C5D09DC1BAB16E70004B15C /* Build configuration list for PBXNativeTarget "MWIA1_weaver_aaron" */ = {
			isa = XCConfigurationList;
			buildConfigurations = (
				1C5D09DD1BAB16E70004B15C /* Debug */,
				1C5D09DE1BAB16E70004B15C /* Release */,
			);
			defaultConfigurationIsVisible = 0;
			defaultConfigurationName = Release;
		};
		1C5D09DF1BAB16E70004B15C /* Build configuration list for PBXNativeTarget "MWIA1_weaver_aaronTests" */ = {
			isa = XCConfigurationList;
			buildConfigurations = (
				1C5D09E01BAB16E70004B15C /* Debug */,
				1C5D09E11BAB16E70004B15C /* Release */,
			);
			defaultConfigurationIsVisible = 0;
			defaultConfigurationName = Release;
		};
		1C5D09E21BAB16E70004B15C /* Build configuration list for PBXNativeTarget "MWIA1_weaver_aaronUITests" */ = {
			isa = XCConfigurationList;
			buildConfigurations = (
				1C5D09E31BAB16E70004B15C /* Debug */,
				1C5D09E41BAB16E70004B15C /* Release */,
			);
			defaultConfigurationIsVisible = 0;
			defaultConfigurationName = Release;
		};
/* End XCConfigurationList section */
	};
	rootObject = 1C5D09AC1BAB16E70004B15C /* Project object */;
}
